
Microsoft Visual Studio Solution File, Format Version 12.00
# Visual Studio 15
VisualStudioVersion = 15.0.26124.0
MinimumVisualStudioVersion = 15.0.26124.0
Project("{FAE04EC0-301F-11D3-BF4B-00C04F79EFBC}") = "NanoCore", "NanoCore\NanoCore.csproj", "{5D4F1550-E723-457F-82DF-9E936FA47B59}"
EndProject
Project("{FAE04EC0-301F-11D3-BF4B-00C04F79EFBC}") = "NanoCore.Demo", "NanoCore.Demo\NanoCore.Demo.csproj", "{2D29DD56-03A8-434F-A3FB-4A8AFB7E9304}"
EndProject
Global
	GlobalSection(SolutionConfigurationPlatforms) = preSolution
		Debug|Any CPU = Debug|Any CPU
		Debug|x64 = Debug|x64
		Debug|x86 = Debug|x86
		Release|Any CPU = Release|Any CPU
		Release|x64 = Release|x64
		Release|x86 = Release|x86
	EndGlobalSection
	GlobalSection(SolutionProperties) = preSolution
		HideSolutionNode = FALSE
	EndGlobalSection
	GlobalSection(ProjectConfigurationPlatforms) = postSolution
		{5D4F1550-E723-457F-82DF-9E936FA47B59}.Debug|Any CPU.ActiveCfg = Debug|Any CPU
		{5D4F1550-E723-457F-82DF-9E936FA47B59}.Debug|Any CPU.Build.0 = Debug|Any CPU
		{5D4F1550-E723-457F-82DF-9E936FA47B59}.Debug|x64.ActiveCfg = Debug|x64
		{5D4F1550-E723-457F-82DF-9E936FA47B59}.Debug|x64.Build.0 = Debug|x64
		{5D4F1550-E723-457F-82DF-9E936FA47B59}.Debug|x86.ActiveCfg = Debug|x86
		{5D4F1550-E723-457F-82DF-9E936FA47B59}.Debug|x86.Build.0 = Debug|x86
		{5D4F1550-E723-457F-82DF-9E936FA47B59}.Release|Any CPU.ActiveCfg = Release|Any CPU
		{5D4F1550-E723-457F-82DF-9E936FA47B59}.Release|Any CPU.Build.0 = Release|Any CPU
		{5D4F1550-E723-457F-82DF-9E936FA47B59}.Release|x64.ActiveCfg = Release|x64
		{5D4F1550-E723-457F-82DF-9E936FA47B59}.Release|x64.Build.0 = Release|x64
		{5D4F1550-E723-457F-82DF-9E936FA47B59}.Release|x86.ActiveCfg = Release|x86
		{5D4F1550-E723-457F-82DF-9E936FA47B59}.Release|x86.Build.0 = Release|x86
		{2D29DD56-03A8-434F-A3FB-4A8AFB7E9304}.Debug|Any CPU.ActiveCfg = Debug|Any CPU
		{2D29DD56-03A8-434F-A3FB-4A8AFB7E9304}.Debug|Any CPU.Build.0 = Debug|Any CPU
		{2D29DD56-03A8-434F-A3FB-4A8AFB7E9304}.Debug|x64.ActiveCfg = Debug|x64
		{2D29DD56-03A8-434F-A3FB-4A8AFB7E9304}.Debug|x64.Build.0 = Debug|x64
		{2D29DD56-03A8-434F-A3FB-4A8AFB7E9304}.Debug|x86.ActiveCfg = Debug|x86
		{2D29DD56-03A8-434F-A3FB-4A8AFB7E9304}.Debug|x86.Build.0 = Debug|x86
		{2D29DD56-03A8-434F-A3FB-4A8AFB7E9304}.Release|Any CPU.ActiveCfg = Release|Any CPU
		{2D29DD56-03A8-434F-A3FB-4A8AFB7E9304}.Release|Any CPU.Build.0 = Release|Any CPU
		{2D29DD56-03A8-434F-A3FB-4A8AFB7E9304}.Release|x64.ActiveCfg = Release|x64
		{2D29DD56-03A8-434F-A3FB-4A8AFB7E9304}.Release|x64.Build.0 = Release|x64
		{2D29DD56-03A8-434F-A3FB-4A8AFB7E9304}.Release|x86.ActiveCfg = Release|x86
		{2D29DD56-03A8-434F-A3FB-4A8AFB7E9304}.Release|x86.Build.0 = Release|x86
	EndGlobalSection
EndGlobal
